
Microsoft Visual Studio Solution File, Format Version 12.00
# Visual Studio Version 16
VisualStudioVersion = 16.0.29306.81
MinimumVisualStudioVersion = 10.0.40219.1
Project("{FAE04EC0-301F-11D3-BF4B-00C04F79EFBC}") = "Project 1", "Project 1.csproj", "{B2F82312-73BA-4B80-B247-667B997D43F2}"
EndProject
Global
	GlobalSection(SolutionConfigurationPlatforms) = preSolution
		Debug|Any CPU = Debug|Any CPU
		Release|Any CPU = Release|Any CPU
	EndGlobalSection
	GlobalSection(ProjectConfigurationPlatforms) = postSolution
		{B2F82312-73BA-4B80-B247-667B997D43F2}.Debug|Any CPU.ActiveCfg = Debug|Any CPU
		{B2F82312-73BA-4B80-B247-667B997D43F2}.Debug|Any CPU.Build.0 = Debug|Any CPU
		{B2F82312-73BA-4B80-B247-667B997D43F2}.Release|Any CPU.ActiveCfg = Release|Any CPU
		{B2F82312-73BA-4B80-B247-667B997D43F2}.Release|Any CPU.Build.0 = Release|Any CPU
	EndGlobalSection
	GlobalSection(SolutionProperties) = preSolution
		HideSolutionNode = FALSE
	EndGlobalSection
	GlobalSection(ExtensibilityGlobals) = postSolution
		SolutionGuid = {23C20533-7D52-432F-8CC4-AD196BC86BDA}
	EndGlobalSection
EndGlobal
